
Microsoft Visual Studio Solution File, Format Version 12.00
# Visual Studio Version 16
VisualStudioVersion = 16.0.30804.86
MinimumVisualStudioVersion = 10.0.40219.1
Project("{2150E333-8FDC-42A3-9474-1A3956D46DE8}") = "Build", "Build", "{6CEB3EDE-9F02-4F4F-BD8A-1B2939C1AE6E}"
	ProjectSection(SolutionItems) = preProject
		..\build\build-core-data.proj = ..\build\build-core-data.proj
		..\build\build-core.proj = ..\build\build-core.proj
		..\build\build.bat = ..\build\build.bat
		..\build\build.proj = ..\build\build.proj
		..\build\build.tasks = ..\build\build.tasks
		Directory.Build.props = Directory.Build.props
		..\README.md = ..\README.md
		ServiceStack.OrmLite\ServiceStack.OrmLite.Core.csproj = ServiceStack.OrmLite\ServiceStack.OrmLite.Core.csproj
		ServiceStack.OrmLite.MySql\ServiceStack.OrmLite.MySql.Core.csproj = ServiceStack.OrmLite.MySql\ServiceStack.OrmLite.MySql.Core.csproj
		ServiceStack.OrmLite.MySqlConnector\ServiceStack.OrmLite.MySqlConnector.Core.csproj = ServiceStack.OrmLite.MySqlConnector\ServiceStack.OrmLite.MySqlConnector.Core.csproj
	EndProjectSection
EndProject
Project("{9A19103F-16F7-4668-BE54-9A1E7A4F7556}") = "ServiceStack.OrmLite", "ServiceStack.OrmLite\ServiceStack.OrmLite.csproj", "{96179AC6-F6F1-40C3-9FDD-4F6582F54C5C}"
EndProject
Project("{9A19103F-16F7-4668-BE54-9A1E7A4F7556}") = "ServiceStack.OrmLite.MySql", "ServiceStack.OrmLite.MySql\ServiceStack.OrmLite.MySql.csproj", "{FD20F088-ACC0-4979-AC0C-8C541C2E7DE5}"
EndProject
Project("{9A19103F-16F7-4668-BE54-9A1E7A4F7556}") = "ServiceStack.OrmLite.MySqlConnector", "ServiceStack.OrmLite.MySqlConnector\ServiceStack.OrmLite.MySqlConnector.csproj", "{7ECD23BC-AB3A-4528-AE6F-0F182874AA9B}"
EndProject
Global
	GlobalSection(SolutionConfigurationPlatforms) = preSolution
		Debug|Any CPU = Debug|Any CPU
		Debug|Mixed Platforms = Debug|Mixed Platforms
		Debug|x86 = Debug|x86
		Default|Any CPU = Default|Any CPU
		Default|Mixed Platforms = Default|Mixed Platforms
		Default|x86 = Default|x86
		Release|Any CPU = Release|Any CPU
		Release|Mixed Platforms = Release|Mixed Platforms
		Release|x86 = Release|x86
	EndGlobalSection
	GlobalSection(ProjectConfigurationPlatforms) = postSolution
		{96179AC6-F6F1-40C3-9FDD-4F6582F54C5C}.Debug|Any CPU.ActiveCfg = Debug|Any CPU
		{96179AC6-F6F1-40C3-9FDD-4F6582F54C5C}.Debug|Any CPU.Build.0 = Debug|Any CPU
		{96179AC6-F6F1-40C3-9FDD-4F6582F54C5C}.Debug|Mixed Platforms.ActiveCfg = Debug|Any CPU
		{96179AC6-F6F1-40C3-9FDD-4F6582F54C5C}.Debug|Mixed Platforms.Build.0 = Debug|Any CPU
		{96179AC6-F6F1-40C3-9FDD-4F6582F54C5C}.Debug|x86.ActiveCfg = Debug|Any CPU
		{96179AC6-F6F1-40C3-9FDD-4F6582F54C5C}.Default|Any CPU.ActiveCfg = Debug|Any CPU
		{96179AC6-F6F1-40C3-9FDD-4F6582F54C5C}.Default|Mixed Platforms.ActiveCfg = Debug|Any CPU
		{96179AC6-F6F1-40C3-9FDD-4F6582F54C5C}.Default|x86.ActiveCfg = Debug|Any CPU
		{96179AC6-F6F1-40C3-9FDD-4F6582F54C5C}.Release|Any CPU.ActiveCfg = Release|Any CPU
		{96179AC6-F6F1-40C3-9FDD-4F6582F54C5C}.Release|Any CPU.Build.0 = Release|Any CPU
		{96179AC6-F6F1-40C3-9FDD-4F6582F54C5C}.Release|Mixed Platforms.ActiveCfg = Release|Any CPU
		{96179AC6-F6F1-40C3-9FDD-4F6582F54C5C}.Release|Mixed Platforms.Build.0 = Release|Any CPU
		{96179AC6-F6F1-40C3-9FDD-4F6582F54C5C}.Release|x86.ActiveCfg = Release|Any CPU
		{FD20F088-ACC0-4979-AC0C-8C541C2E7DE5}.Debug|Any CPU.ActiveCfg = Debug|Any CPU
		{FD20F088-ACC0-4979-AC0C-8C541C2E7DE5}.Debug|Any CPU.Build.0 = Debug|Any CPU
		{FD20F088-ACC0-4979-AC0C-8C541C2E7DE5}.Debug|Mixed Platforms.ActiveCfg = Debug|Any CPU
		{FD20F088-ACC0-4979-AC0C-8C541C2E7DE5}.Debug|Mixed Platforms.Build.0 = Debug|Any CPU
		{FD20F088-ACC0-4979-AC0C-8C541C2E7DE5}.Debug|x86.ActiveCfg = Debug|Any CPU
		{FD20F088-ACC0-4979-AC0C-8C541C2E7DE5}.Default|Any CPU.ActiveCfg = Debug|Any CPU
		{FD20F088-ACC0-4979-AC0C-8C541C2E7DE5}.Default|Mixed Platforms.ActiveCfg = Debug|Any CPU
		{FD20F088-ACC0-4979-AC0C-8C541C2E7DE5}.Default|x86.ActiveCfg = Debug|Any CPU
		{FD20F088-ACC0-4979-AC0C-8C541C2E7DE5}.Release|Any CPU.ActiveCfg = Release|Any CPU
		{FD20F088-ACC0-4979-AC0C-8C541C2E7DE5}.Release|Any CPU.Build.0 = Release|Any CPU
		{FD20F088-ACC0-4979-AC0C-8C541C2E7DE5}.Release|Mixed Platforms.ActiveCfg = Release|Any CPU
		{FD20F088-ACC0-4979-AC0C-8C541C2E7DE5}.Release|Mixed Platforms.Build.0 = Release|Any CPU
		{FD20F088-ACC0-4979-AC0C-8C541C2E7DE5}.Release|x86.ActiveCfg = Release|Any CPU
		{7ECD23BC-AB3A-4528-AE6F-0F182874AA9B}.Debug|Any CPU.ActiveCfg = Debug|Any CPU
		{7ECD23BC-AB3A-4528-AE6F-0F182874AA9B}.Debug|Any CPU.Build.0 = Debug|Any CPU
		{7ECD23BC-AB3A-4528-AE6F-0F182874AA9B}.Debug|Mixed Platforms.ActiveCfg = Debug|Any CPU
		{7ECD23BC-AB3A-4528-AE6F-0F182874AA9B}.Debug|Mixed Platforms.Build.0 = Debug|Any CPU
		{7ECD23BC-AB3A-4528-AE6F-0F182874AA9B}.Debug|x86.ActiveCfg = Debug|Any CPU
		{7ECD23BC-AB3A-4528-AE6F-0F182874AA9B}.Debug|x86.Build.0 = Debug|Any CPU
		{7ECD23BC-AB3A-4528-AE6F-0F182874AA9B}.Default|Any CPU.ActiveCfg = Debug|Any CPU
		{7ECD23BC-AB3A-4528-AE6F-0F182874AA9B}.Default|Any CPU.Build.0 = Debug|Any CPU
		{7ECD23BC-AB3A-4528-AE6F-0F182874AA9B}.Default|Mixed Platforms.ActiveCfg = Debug|Any CPU
		{7ECD23BC-AB3A-4528-AE6F-0F182874AA9B}.Default|Mixed Platforms.Build.0 = Debug|Any CPU
		{7ECD23BC-AB3A-4528-AE6F-0F182874AA9B}.Default|x86.ActiveCfg = Debug|Any CPU
		{7ECD23BC-AB3A-4528-AE6F-0F182874AA9B}.Default|x86.Build.0 = Debug|Any CPU
		{7ECD23BC-AB3A-4528-AE6F-0F182874AA9B}.Release|Any CPU.ActiveCfg = Release|Any CPU
		{7ECD23BC-AB3A-4528-AE6F-0F182874AA9B}.Release|Any CPU.Build.0 = Release|Any CPU
		{7ECD23BC-AB3A-4528-AE6F-0F182874AA9B}.Release|Mixed Platforms.ActiveCfg = Release|Any CPU
		{7ECD23BC-AB3A-4528-AE6F-0F182874AA9B}.Release|Mixed Platforms.Build.0 = Release|Any CPU
		{7ECD23BC-AB3A-4528-AE6F-0F182874AA9B}.Release|x86.ActiveCfg = Release|Any CPU
		{7ECD23BC-AB3A-4528-AE6F-0F182874AA9B}.Release|x86.Build.0 = Release|Any CPU
	EndGlobalSection
	GlobalSection(SolutionProperties) = preSolution
		HideSolutionNode = FALSE
	EndGlobalSection
	GlobalSection(ExtensibilityGlobals) = postSolution
		SolutionGuid = {03B25106-F90B-4FE9-8BD9-851DE4CAB153}
	EndGlobalSection
	GlobalSection(MonoDevelopProperties) = preSolution
		StartupItem = ServiceStack.OrmLite.Sqlite\ServiceStack.OrmLite.Sqlite.csproj
	EndGlobalSection
EndGlobal
